
Microsoft Visual Studio Solution File, Format Version 12.00
# Visual Studio 15
VisualStudioVersion = 15.0.33026.149
MinimumVisualStudioVersion = 10.0.40219.1
Project("{FAE04EC0-301F-11D3-BF4B-00C04F79EFBC}") = "ConsoleGame", "ConsoleGame\ConsoleGame.csproj", "{BE0E058C-5832-441C-9BA5-69AAB649378A}"
EndProject
Project("{FAE04EC0-301F-11D3-BF4B-00C04F79EFBC}") = "DifferentAcademyWinForm", "DifferentAcademyWinForm\DifferentAcademyWinForm.csproj", "{16A4453C-2B3C-44C8-B28E-2D0278509233}"
EndProject
Project("{FAE04EC0-301F-11D3-BF4B-00C04F79EFBC}") = "DifferentAcademyeMarket", "DifferentAcademyeMarket\DifferentAcademyeMarket.csproj", "{5587B3F0-C3BD-4425-B6EB-BEC7F1E7F016}"
EndProject
Project("{FAE04EC0-301F-11D3-BF4B-00C04F79EFBC}") = "CodeFirstFromDB", "CodeFirstFromDB\CodeFirstFromDB.csproj", "{6B308AE0-7510-4B1D-A669-87A420AD2D58}"
EndProject
Global
	GlobalSection(SolutionConfigurationPlatforms) = preSolution
		Debug|Any CPU = Debug|Any CPU
		Release|Any CPU = Release|Any CPU
	EndGlobalSection
	GlobalSection(ProjectConfigurationPlatforms) = postSolution
		{BE0E058C-5832-441C-9BA5-69AAB649378A}.Debug|Any CPU.ActiveCfg = Debug|Any CPU
		{BE0E058C-5832-441C-9BA5-69AAB649378A}.Debug|Any CPU.Build.0 = Debug|Any CPU
		{BE0E058C-5832-441C-9BA5-69AAB649378A}.Release|Any CPU.ActiveCfg = Release|Any CPU
		{BE0E058C-5832-441C-9BA5-69AAB649378A}.Release|Any CPU.Build.0 = Release|Any CPU
		{16A4453C-2B3C-44C8-B28E-2D0278509233}.Debug|Any CPU.ActiveCfg = Debug|Any CPU
		{16A4453C-2B3C-44C8-B28E-2D0278509233}.Debug|Any CPU.Build.0 = Debug|Any CPU
		{16A4453C-2B3C-44C8-B28E-2D0278509233}.Release|Any CPU.ActiveCfg = Release|Any CPU
		{16A4453C-2B3C-44C8-B28E-2D0278509233}.Release|Any CPU.Build.0 = Release|Any CPU
		{5587B3F0-C3BD-4425-B6EB-BEC7F1E7F016}.Debug|Any CPU.ActiveCfg = Debug|Any CPU
		{5587B3F0-C3BD-4425-B6EB-BEC7F1E7F016}.Debug|Any CPU.Build.0 = Debug|Any CPU
		{5587B3F0-C3BD-4425-B6EB-BEC7F1E7F016}.Release|Any CPU.ActiveCfg = Release|Any CPU
		{5587B3F0-C3BD-4425-B6EB-BEC7F1E7F016}.Release|Any CPU.Build.0 = Release|Any CPU
		{6B308AE0-7510-4B1D-A669-87A420AD2D58}.Debug|Any CPU.ActiveCfg = Debug|Any CPU
		{6B308AE0-7510-4B1D-A669-87A420AD2D58}.Debug|Any CPU.Build.0 = Debug|Any CPU
		{6B308AE0-7510-4B1D-A669-87A420AD2D58}.Release|Any CPU.ActiveCfg = Release|Any CPU
		{6B308AE0-7510-4B1D-A669-87A420AD2D58}.Release|Any CPU.Build.0 = Release|Any CPU
	EndGlobalSection
	GlobalSection(SolutionProperties) = preSolution
		HideSolutionNode = FALSE
	EndGlobalSection
	GlobalSection(ExtensibilityGlobals) = postSolution
		SolutionGuid = {7CBD79C3-695D-418E-8F96-40688247A8D8}
	EndGlobalSection
EndGlobal
